
Microsoft Visual Studio Solution File, Format Version 12.00
# Visual Studio Version 17
VisualStudioVersion = 17.8.34330.188
MinimumVisualStudioVersion = 10.0.40219.1
Project("{FAE04EC0-301F-11D3-BF4B-00C04F79EFBC}") = "qrcode", "qrcode\qrcode.csproj", "{F97F837B-CCA5-467D-9304-9B7FA6C2DD0B}"
EndProject
Global
	GlobalSection(SolutionConfigurationPlatforms) = preSolution
		Debug|Any CPU = Debug|Any CPU
		Release|Any CPU = Release|Any CPU
	EndGlobalSection
	GlobalSection(ProjectConfigurationPlatforms) = postSolution
		{F97F837B-CCA5-467D-9304-9B7FA6C2DD0B}.Debug|Any CPU.ActiveCfg = Debug|Any CPU
		{F97F837B-CCA5-467D-9304-9B7FA6C2DD0B}.Debug|Any CPU.Build.0 = Debug|Any CPU
		{F97F837B-CCA5-467D-9304-9B7FA6C2DD0B}.Release|Any CPU.ActiveCfg = Release|Any CPU
		{F97F837B-CCA5-467D-9304-9B7FA6C2DD0B}.Release|Any CPU.Build.0 = Release|Any CPU
	EndGlobalSection
	GlobalSection(SolutionProperties) = preSolution
		HideSolutionNode = FALSE
	EndGlobalSection
	GlobalSection(ExtensibilityGlobals) = postSolution
		SolutionGuid = {2440F704-236B-41C4-8D16-7A0776468014}
	EndGlobalSection
EndGlobal
